
Microsoft Visual Studio Solution File, Format Version 12.00
# Visual Studio Version 17
VisualStudioVersion = 17.0.31903.59
MinimumVisualStudioVersion = 10.0.40219.1
Project("{2150E333-8FDC-42A3-9474-1A3956D46DE8}") = "src", "src", "{46A62D91-1914-4445-AF5A-55649A48B98E}"
EndProject
Project("{FAE04EC0-301F-11D3-BF4B-00C04F79EFBC}") = "BancassuranceSim.Web", "src\BancassuranceSim.Web\BancassuranceSim.Web.csproj", "{683A94B7-9DE5-4414-A172-BCD0043AFC39}"
EndProject
Project("{2150E333-8FDC-42A3-9474-1A3956D46DE8}") = "tests", "tests", "{7D02DFCA-0CDF-46E9-B29D-F09397A73EB2}"
EndProject
Project("{FAE04EC0-301F-11D3-BF4B-00C04F79EFBC}") = "BancassuranceSim.Tests", "tests\BancassuranceSim.Tests\BancassuranceSim.Tests.csproj", "{6027C925-923B-4941-891A-2DA98CE7B110}"
EndProject
Global
	GlobalSection(SolutionConfigurationPlatforms) = preSolution
		Debug|Any CPU = Debug|Any CPU
		Release|Any CPU = Release|Any CPU
	EndGlobalSection
	GlobalSection(SolutionProperties) = preSolution
		HideSolutionNode = FALSE
	EndGlobalSection
	GlobalSection(ProjectConfigurationPlatforms) = postSolution
		{683A94B7-9DE5-4414-A172-BCD0043AFC39}.Debug|Any CPU.ActiveCfg = Debug|Any CPU
		{683A94B7-9DE5-4414-A172-BCD0043AFC39}.Debug|Any CPU.Build.0 = Debug|Any CPU
		{683A94B7-9DE5-4414-A172-BCD0043AFC39}.Release|Any CPU.ActiveCfg = Release|Any CPU
		{683A94B7-9DE5-4414-A172-BCD0043AFC39}.Release|Any CPU.Build.0 = Release|Any CPU
		{6027C925-923B-4941-891A-2DA98CE7B110}.Debug|Any CPU.ActiveCfg = Debug|Any CPU
		{6027C925-923B-4941-891A-2DA98CE7B110}.Debug|Any CPU.Build.0 = Debug|Any CPU
		{6027C925-923B-4941-891A-2DA98CE7B110}.Release|Any CPU.ActiveCfg = Release|Any CPU
		{6027C925-923B-4941-891A-2DA98CE7B110}.Release|Any CPU.Build.0 = Release|Any CPU
	EndGlobalSection
	GlobalSection(NestedProjects) = preSolution
		{683A94B7-9DE5-4414-A172-BCD0043AFC39} = {46A62D91-1914-4445-AF5A-55649A48B98E}
		{6027C925-923B-4941-891A-2DA98CE7B110} = {7D02DFCA-0CDF-46E9-B29D-F09397A73EB2}
	EndGlobalSection
EndGlobal
